// !$*UTF8*$!
{
	archiveVersion = 1;
	classes = {
	};
	objectVersion = 46;
	objects = {

/* Begin PBXBuildFile section */
		72AF10E2869F8E60ED3B18E3 /* renderer.m in Sources */ = {isa = PBXBuildFile; fileRef = 72AF1EB80487E93A7DD0CD45 /* renderer.m */; };
		72AF1141A1EDD2938130CE7A /* mesh.m in Sources */ = {isa = PBXBuildFile; fileRef = 72AF1EAE593CFB90B0A15129 /* mesh.m */; };
		72AF1240C254A3A66F10107A /* Emma.m in Sources */ = {isa = PBXBuildFile; fileRef = 72AF1756FCF6BEDAF09E4A10 /* Emma.m */; };
		72AF12BD14D286F5E3C798B8 /* texture.m in Sources */ = {isa = PBXBuildFile; fileRef = 72AF1B019C5D67A0DA70D863 /* texture.m */; };
		72AF13433173929534D04D3E /* chris.m in Sources */ = {isa = PBXBuildFile; fileRef = 72AF1353DC6398EF39932983 /* chris.m */; };
		72AF139ABEED6C9736EF9F6F /* AppGLView.m in Sources */ = {isa = PBXBuildFile; fileRef = 72AF18F27E3CDC58BD7E60E3 /* AppGLView.m */; };
		72AF14120CEA2A77EFBBF4E5 /* InfoPlist.strings in Resources */ = {isa = PBXBuildFile; fileRef = 72AF183E8E4DD4BA995AE04D /* InfoPlist.strings */; };
		72AF1552931FC6E1DEF5DA68 /* default.vsh in Resources */ = {isa = PBXBuildFile; fileRef = 72AF12AD3D83846937D537FA /* default.vsh */; };
		72AF15B5CE93CAD0A1D8BEDF /* readme.txt in Resources */ = {isa = PBXBuildFile; fileRef = 72AF1C8FF9A6E9203A597204 /* readme.txt */; };
		72AF16694FB538CED698330B /* Credits.rtf in Resources */ = {isa = PBXBuildFile; fileRef = 72AF1F7C52B8AF283C0E44A2 /* Credits.rtf */; };
		72AF18B8D92EF49D61111960 /* app.m in Sources */ = {isa = PBXBuildFile; fileRef = 72AF1042F698081DF1660915 /* app.m */; };
		72AF18F99137FCA1F6743C9F /* main.m in Sources */ = {isa = PBXBuildFile; fileRef = 72AF1728AC4CD3A035E2EB97 /* main.m */; };
		72AF196F30A00FA55C3CC9F4 /* Images.xcassets in Resources */ = {isa = PBXBuildFile; fileRef = 72AF1CC5D97BCA23032105B3 /* Images.xcassets */; };
		72AF1B4B7F02A1BEBD32BB06 /* app.xib in Resources */ = {isa = PBXBuildFile; fileRef = 72AF134F9D30135C8ACF058A /* app.xib */; };
		72AF1CFCC850CA72EEE269F2 /* default.fsh in Resources */ = {isa = PBXBuildFile; fileRef = 72AF136855377E4E09C2638D /* default.fsh */; };
		72AF1DAC87E1E41FA5D12CCA /* OpenGL.framework in Frameworks */ = {isa = PBXBuildFile; fileRef = 72AF1DF4C009A23351ADAA58 /* OpenGL.framework */; };
		72AF1FE9C5EE931DF7440FB5 /* Cocoa.framework in Frameworks */ = {isa = PBXBuildFile; fileRef = 72AF196F0065B0BF8B317CF5 /* Cocoa.framework */; };
		BC14100B1972E0CD00CBA0E2 /* lgpc.c in Sources */ = {isa = PBXBuildFile; fileRef = BC14100A1972E0CD00CBA0E2 /* lgpc.c */; };
		BC14100E1972E33000CBA0E2 /* gpc.c in Sources */ = {isa = PBXBuildFile; fileRef = BC14100C1972E33000CBA0E2 /* gpc.c */; };
		BC31462E1944A5A400F475AC /* luagl_util.c in Sources */ = {isa = PBXBuildFile; fileRef = BC31462C1944A5A400F475AC /* luagl_util.c */; };
		BC438CA518FC982400AA5D15 /* lapi.c in Sources */ = {isa = PBXBuildFile; fileRef = BC438C4918FC982400AA5D15 /* lapi.c */; };
		BC438CA718FC982400AA5D15 /* lauxlib.c in Sources */ = {isa = PBXBuildFile; fileRef = BC438C4C18FC982400AA5D15 /* lauxlib.c */; };
		BC438CA918FC982400AA5D15 /* lbaselib.c in Sources */ = {isa = PBXBuildFile; fileRef = BC438C4F18FC982400AA5D15 /* lbaselib.c */; };
		BC438CAB18FC982400AA5D15 /* lbitlib.c in Sources */ = {isa = PBXBuildFile; fileRef = BC438C5118FC982400AA5D15 /* lbitlib.c */; };
		BC438CAD18FC982400AA5D15 /* lcode.c in Sources */ = {isa = PBXBuildFile; fileRef = BC438C5318FC982400AA5D15 /* lcode.c */; };
		BC438CAF18FC982400AA5D15 /* lcorolib.c in Sources */ = {isa = PBXBuildFile; fileRef = BC438C5618FC982400AA5D15 /* lcorolib.c */; };
		BC438CB118FC982400AA5D15 /* lctype.c in Sources */ = {isa = PBXBuildFile; fileRef = BC438C5818FC982400AA5D15 /* lctype.c */; };
		BC438CB318FC982400AA5D15 /* ldblib.c in Sources */ = {isa = PBXBuildFile; fileRef = BC438C5B18FC982400AA5D15 /* ldblib.c */; };
		BC438CB518FC982400AA5D15 /* ldebug.c in Sources */ = {isa = PBXBuildFile; fileRef = BC438C5D18FC982400AA5D15 /* ldebug.c */; };
		BC438CB718FC982400AA5D15 /* ldo.c in Sources */ = {isa = PBXBuildFile; fileRef = BC438C6018FC982400AA5D15 /* ldo.c */; };
		BC438CB918FC982400AA5D15 /* ldump.c in Sources */ = {isa = PBXBuildFile; fileRef = BC438C6318FC982400AA5D15 /* ldump.c */; };
		BC438CBB18FC982400AA5D15 /* lfunc.c in Sources */ = {isa = PBXBuildFile; fileRef = BC438C6518FC982400AA5D15 /* lfunc.c */; };
		BC438CBD18FC982400AA5D15 /* lgc.c in Sources */ = {isa = PBXBuildFile; fileRef = BC438C6818FC982400AA5D15 /* lgc.c */; };
		BC438CC018FC982400AA5D15 /* linit.c in Sources */ = {isa = PBXBuildFile; fileRef = BC438C6C18FC982400AA5D15 /* linit.c */; };
		BC438CC218FC982400AA5D15 /* liolib.c in Sources */ = {isa = PBXBuildFile; fileRef = BC438C6E18FC982400AA5D15 /* liolib.c */; };
		BC438CC418FC982400AA5D15 /* llex.c in Sources */ = {isa = PBXBuildFile; fileRef = BC438C7018FC982400AA5D15 /* llex.c */; };
		BC438CC618FC982400AA5D15 /* lmathlib.c in Sources */ = {isa = PBXBuildFile; fileRef = BC438C7418FC982400AA5D15 /* lmathlib.c */; };
		BC438CC818FC982400AA5D15 /* lmem.c in Sources */ = {isa = PBXBuildFile; fileRef = BC438C7618FC982400AA5D15 /* lmem.c */; };
		BC438CCA18FC982400AA5D15 /* loadlib.c in Sources */ = {isa = PBXBuildFile; fileRef = BC438C7918FC982400AA5D15 /* loadlib.c */; };
		BC438CCC18FC982400AA5D15 /* lobject.c in Sources */ = {isa = PBXBuildFile; fileRef = BC438C7B18FC982400AA5D15 /* lobject.c */; };
		BC438CCE18FC982400AA5D15 /* lopcodes.c in Sources */ = {isa = PBXBuildFile; fileRef = BC438C7E18FC982400AA5D15 /* lopcodes.c */; };
		BC438CD018FC982400AA5D15 /* loslib.c in Sources */ = {isa = PBXBuildFile; fileRef = BC438C8118FC982400AA5D15 /* loslib.c */; };
		BC438CD218FC982400AA5D15 /* lparser.c in Sources */ = {isa = PBXBuildFile; fileRef = BC438C8318FC982400AA5D15 /* lparser.c */; };
		BC438CD418FC982400AA5D15 /* lstate.c in Sources */ = {isa = PBXBuildFile; fileRef = BC438C8618FC982400AA5D15 /* lstate.c */; };
		BC438CD618FC982400AA5D15 /* lstring.c in Sources */ = {isa = PBXBuildFile; fileRef = BC438C8918FC982400AA5D15 /* lstring.c */; };
		BC438CD818FC982400AA5D15 /* lstrlib.c in Sources */ = {isa = PBXBuildFile; fileRef = BC438C8C18FC982400AA5D15 /* lstrlib.c */; };
		BC438CDA18FC982400AA5D15 /* ltable.c in Sources */ = {isa = PBXBuildFile; fileRef = BC438C8E18FC982400AA5D15 /* ltable.c */; };
		BC438CDC18FC982400AA5D15 /* ltablib.c in Sources */ = {isa = PBXBuildFile; fileRef = BC438C9118FC982400AA5D15 /* ltablib.c */; };
		BC438CDE18FC982400AA5D15 /* ltm.c in Sources */ = {isa = PBXBuildFile; fileRef = BC438C9318FC982400AA5D15 /* ltm.c */; };
		BC438CE218FC982400AA5D15 /* lundump.c in Sources */ = {isa = PBXBuildFile; fileRef = BC438C9C18FC982400AA5D15 /* lundump.c */; };
		BC438CE418FC982400AA5D15 /* lvm.c in Sources */ = {isa = PBXBuildFile; fileRef = BC438C9F18FC982400AA5D15 /* lvm.c */; };
		BC438CE618FC982400AA5D15 /* lzio.c in Sources */ = {isa = PBXBuildFile; fileRef = BC438CA218FC982400AA5D15 /* lzio.c */; };
		BC438CF218FC9E8100AA5D15 /* UKFileWatcher.m in Sources */ = {isa = PBXBuildFile; fileRef = BC438CEA18FC9E8100AA5D15 /* UKFileWatcher.m */; };
		BC438CF318FC9E8100AA5D15 /* UKFNSubscribeFileWatcher.m in Sources */ = {isa = PBXBuildFile; fileRef = BC438CEC18FC9E8100AA5D15 /* UKFNSubscribeFileWatcher.m */; };
		BC438CF418FC9E8100AA5D15 /* UKKQueue Readme.txt in Resources */ = {isa = PBXBuildFile; fileRef = BC438CED18FC9E8100AA5D15 /* UKKQueue Readme.txt */; };
		BC438CF518FC9E8100AA5D15 /* UKKQueue.m in Sources */ = {isa = PBXBuildFile; fileRef = BC438CEF18FC9E8100AA5D15 /* UKKQueue.m */; };
		BC438CF618FC9E8100AA5D15 /* UKMainThreadProxy.m in Sources */ = {isa = PBXBuildFile; fileRef = BC438CF118FC9E8100AA5D15 /* UKMainThreadProxy.m */; };
		BC4C47151A02E8F20030AE47 /* EmmaView.m in Sources */ = {isa = PBXBuildFile; fileRef = BC4C47141A02E8F20030AE47 /* EmmaView.m */; };
		BC74ACA719449627006D8543 /* scripts in Resources */ = {isa = PBXBuildFile; fileRef = BC74ACA619449627006D8543 /* scripts */; };
		BCDE08D018DDF05F002587B8 /* QuartzCore.framework in Frameworks */ = {isa = PBXBuildFile; fileRef = BCDE08CF18DDF05F002587B8 /* QuartzCore.framework */; };
		BCDE08D218DDF07C002587B8 /* Quartz.framework in Frameworks */ = {isa = PBXBuildFile; fileRef = BCDE08D118DDF07C002587B8 /* Quartz.framework */; };
		BCDE08D418DDF0B6002587B8 /* GLKit.framework in Frameworks */ = {isa = PBXBuildFile; fileRef = BCDE08D318DDF0B6002587B8 /* GLKit.framework */; };
		BCDE08D518DDF0C4002587B8 /* AppKit.framework in Frameworks */ = {isa = PBXBuildFile; fileRef = 72AF144559629296821E05E9 /* AppKit.framework */; };
		BCE3FCCA195A21FE00A3A7FF /* aabb.c in Sources */ = {isa = PBXBuildFile; fileRef = BCE3FCAD195A21FE00A3A7FF /* aabb.c */; };
		BCE3FCCB195A21FE00A3A7FF /* CMakeLists.txt in Resources */ = {isa = PBXBuildFile; fileRef = BCE3FCAF195A21FE00A3A7FF /* CMakeLists.txt */; };
		BCE3FCCC195A21FE00A3A7FF /* mat4stack.c in Sources */ = {isa = PBXBuildFile; fileRef = BCE3FCB1195A21FE00A3A7FF /* mat4stack.c */; };
		BCE3FCCD195A21FE00A3A7FF /* matrix.c in Sources */ = {isa = PBXBuildFile; fileRef = BCE3FCB3195A21FE00A3A7FF /* matrix.c */; };
		BCE3FCCE195A21FE00A3A7FF /* mat3.c in Sources */ = {isa = PBXBuildFile; fileRef = BCE3FCB6195A21FE00A3A7FF /* mat3.c */; };
		BCE3FCCF195A21FE00A3A7FF /* mat4.c in Sources */ = {isa = PBXBuildFile; fileRef = BCE3FCB8195A21FE00A3A7FF /* mat4.c */; };
		BCE3FCD0195A21FE00A3A7FF /* plane.c in Sources */ = {isa = PBXBuildFile; fileRef = BCE3FCBA195A21FE00A3A7FF /* plane.c */; };
		BCE3FCD1195A21FE00A3A7FF /* quaternion.c in Sources */ = {isa = PBXBuildFile; fileRef = BCE3FCBC195A21FE00A3A7FF /* quaternion.c */; };
		BCE3FCD2195A21FE00A3A7FF /* ray2.c in Sources */ = {isa = PBXBuildFile; fileRef = BCE3FCBE195A21FE00A3A7FF /* ray2.c */; };
		BCE3FCD3195A21FE00A3A7FF /* ray3.c in Sources */ = {isa = PBXBuildFile; fileRef = BCE3FCC0195A21FE00A3A7FF /* ray3.c */; };
		BCE3FCD4195A21FE00A3A7FF /* utility.c in Sources */ = {isa = PBXBuildFile; fileRef = BCE3FCC2195A21FE00A3A7FF /* utility.c */; };
		BCE3FCD5195A21FE00A3A7FF /* vec2.c in Sources */ = {isa = PBXBuildFile; fileRef = BCE3FCC4195A21FE00A3A7FF /* vec2.c */; };
		BCE3FCD6195A21FE00A3A7FF /* vec3.c in Sources */ = {isa = PBXBuildFile; fileRef = BCE3FCC6195A21FE00A3A7FF /* vec3.c */; };
		BCE3FCD7195A21FE00A3A7FF /* vec4.c in Sources */ = {isa = PBXBuildFile; fileRef = BCE3FCC8195A21FE00A3A7FF /* vec4.c */; };
		BCE3FCDA195A222300A3A7FF /* emma_mat4.m in Sources */ = {isa = PBXBuildFile; fileRef = BCE3FCD9195A222300A3A7FF /* emma_mat4.m */; };
		BCE3FCE0195EFA9700A3A7FF /* emma_vec3.m in Sources */ = {isa = PBXBuildFile; fileRef = BCE3FCDF195EFA9700A3A7FF /* emma_vec3.m */; };
		BCF7D6ED1944A4F600B7F453 /* luagl.m in Sources */ = {isa = PBXBuildFile; fileRef = BCF7D6EB1944A45C00B7F453 /* luagl.m */; };
/* End PBXBuildFile section */

/* Begin PBXFileReference section */
		72AF1042F698081DF1660915 /* app.m */ = {isa = PBXFileReference; fileEncoding = 4; lastKnownFileType = sourcecode.c.objc; path = app.m; sourceTree = "<group>"; usesTabs = 0; };
		72AF118FFBCCBCEC7B26AC62 /* XCTest.framework */ = {isa = PBXFileReference; lastKnownFileType = wrapper.framework; name = XCTest.framework; path = Library/Frameworks/XCTest.framework; sourceTree = DEVELOPER_DIR; };
		72AF11AD808DCCFF833C4E95 /* Foundation.framework */ = {isa = PBXFileReference; lastKnownFileType = wrapper.framework; name = Foundation.framework; path = System/Library/Frameworks/Foundation.framework; sourceTree = SDKROOT; };
		72AF128DA5A06EE92305716E /* app.h */ = {isa = PBXFileReference; fileEncoding = 4; lastKnownFileType = sourcecode.c.h; path = app.h; sourceTree = "<group>"; };
		72AF12AD3D83846937D537FA /* default.vsh */ = {isa = PBXFileReference; fileEncoding = 4; lastKnownFileType = sourcecode.glsl; path = default.vsh; sourceTree = "<group>"; };
		72AF1353DC6398EF39932983 /* chris.m */ = {isa = PBXFileReference; fileEncoding = 4; lastKnownFileType = sourcecode.c.objc; path = chris.m; sourceTree = "<group>"; };
		72AF136855377E4E09C2638D /* default.fsh */ = {isa = PBXFileReference; fileEncoding = 4; lastKnownFileType = sourcecode.glsl; path = default.fsh; sourceTree = "<group>"; };
		72AF13D31D0687192EC64940 /* desky-Info.plist */ = {isa = PBXFileReference; fileEncoding = 4; lastKnownFileType = text.plist.xml; path = "desky-Info.plist"; sourceTree = "<group>"; };
		72AF144559629296821E05E9 /* AppKit.framework */ = {isa = PBXFileReference; lastKnownFileType = wrapper.framework; name = AppKit.framework; path = System/Library/Frameworks/AppKit.framework; sourceTree = SDKROOT; };
		72AF14CDD204742277F25466 /* Emma.h */ = {isa = PBXFileReference; fileEncoding = 4; lastKnownFileType = sourcecode.c.h; path = Emma.h; sourceTree = "<group>"; };
		72AF15A63B2C0ADA6F5C7534 /* mesh.h */ = {isa = PBXFileReference; fileEncoding = 4; lastKnownFileType = sourcecode.c.h; path = mesh.h; sourceTree = "<group>"; };
		72AF15E382E5CFB115F3A38E /* Base */ = {isa = PBXFileReference; lastKnownFileType = file.xib; name = Base; path = rumor/Base.lproj/app.xib; sourceTree = SOURCE_ROOT; };
		72AF160C61584BE3AA343E74 /* texture.h */ = {isa = PBXFileReference; fileEncoding = 4; lastKnownFileType = sourcecode.c.h; path = texture.h; sourceTree = "<group>"; };
		72AF1728AC4CD3A035E2EB97 /* main.m */ = {isa = PBXFileReference; fileEncoding = 4; lastKnownFileType = sourcecode.c.objc; name = main.m; path = ../../rumor/main.m; sourceTree = "<group>"; };
		72AF1756FCF6BEDAF09E4A10 /* Emma.m */ = {isa = PBXFileReference; fileEncoding = 4; lastKnownFileType = sourcecode.c.objc; path = Emma.m; sourceTree = "<group>"; };
		72AF17D2C51EA69B5B913618 /* desky.app */ = {isa = PBXFileReference; explicitFileType = wrapper.application; includeInIndex = 0; path = desky.app; sourceTree = BUILT_PRODUCTS_DIR; };
		72AF18D21E6E88E42E7CBABB /* desky-Prefix.pch */ = {isa = PBXFileReference; fileEncoding = 4; lastKnownFileType = sourcecode.c.h; path = "desky-Prefix.pch"; sourceTree = "<group>"; };
		72AF18F27E3CDC58BD7E60E3 /* AppGLView.m */ = {isa = PBXFileReference; fileEncoding = 4; lastKnownFileType = sourcecode.c.objc; path = AppGLView.m; sourceTree = "<group>"; };
		72AF196F0065B0BF8B317CF5 /* Cocoa.framework */ = {isa = PBXFileReference; lastKnownFileType = wrapper.framework; name = Cocoa.framework; path = System/Library/Frameworks/Cocoa.framework; sourceTree = SDKROOT; };
		72AF1A59195EC0913F051CBA /* plane_mesh.h */ = {isa = PBXFileReference; fileEncoding = 4; lastKnownFileType = sourcecode.c.h; path = plane_mesh.h; sourceTree = "<group>"; };
		72AF1B019C5D67A0DA70D863 /* texture.m */ = {isa = PBXFileReference; fileEncoding = 4; lastKnownFileType = sourcecode.c.objc; path = texture.m; sourceTree = "<group>"; };
		72AF1B97885CAB86D9553633 /* en */ = {isa = PBXFileReference; lastKnownFileType = text.rtf; name = en; path = en.lproj/Credits.rtf; sourceTree = "<group>"; };
		72AF1C6E7AE2096C767986EA /* CoreData.framework */ = {isa = PBXFileReference; lastKnownFileType = wrapper.framework; name = CoreData.framework; path = System/Library/Frameworks/CoreData.framework; sourceTree = SDKROOT; };
		72AF1C8FF9A6E9203A597204 /* readme.txt */ = {isa = PBXFileReference; fileEncoding = 4; lastKnownFileType = text; path = readme.txt; sourceTree = "<group>"; };
		72AF1CC5D97BCA23032105B3 /* Images.xcassets */ = {isa = PBXFileReference; lastKnownFileType = folder.assetcatalog; path = Images.xcassets; sourceTree = "<group>"; };
		72AF1DBE2C889A59B7EF5A5B /* en */ = {isa = PBXFileReference; fileEncoding = 4; lastKnownFileType = text.plist.strings; name = en; path = en.lproj/InfoPlist.strings; sourceTree = "<group>"; };
		72AF1DF4C009A23351ADAA58 /* OpenGL.framework */ = {isa = PBXFileReference; lastKnownFileType = wrapper.framework; name = OpenGL.framework; path = System/Library/Frameworks/OpenGL.framework; sourceTree = SDKROOT; };
		72AF1E0CC06A0A4269E2F863 /* AppGLView.h */ = {isa = PBXFileReference; fileEncoding = 4; lastKnownFileType = sourcecode.c.h; path = AppGLView.h; sourceTree = "<group>"; };
		72AF1E7600476010528AA13D /* renderer.h */ = {isa = PBXFileReference; fileEncoding = 4; lastKnownFileType = sourcecode.c.h; path = renderer.h; sourceTree = "<group>"; };
		72AF1EAE593CFB90B0A15129 /* mesh.m */ = {isa = PBXFileReference; fileEncoding = 4; lastKnownFileType = sourcecode.c.objc; path = mesh.m; sourceTree = "<group>"; };
		72AF1EB80487E93A7DD0CD45 /* renderer.m */ = {isa = PBXFileReference; fileEncoding = 4; lastKnownFileType = sourcecode.c.objc; path = renderer.m; sourceTree = "<group>"; };
		72AF1EC6639600773CED5076 /* chris.h */ = {isa = PBXFileReference; fileEncoding = 4; lastKnownFileType = sourcecode.c.h; path = chris.h; sourceTree = "<group>"; };
		BC14100A1972E0CD00CBA0E2 /* lgpc.c */ = {isa = PBXFileReference; fileEncoding = 4; lastKnownFileType = sourcecode.c.c; name = lgpc.c; path = ../rumor/controllers/lgpc.c; sourceTree = "<group>"; };
		BC14100C1972E33000CBA0E2 /* gpc.c */ = {isa = PBXFileReference; fileEncoding = 4; lastKnownFileType = sourcecode.c.c; name = gpc.c; path = ../rumor/controllers/gpc.c; sourceTree = "<group>"; };
		BC14100D1972E33000CBA0E2 /* gpc.h */ = {isa = PBXFileReference; fileEncoding = 4; lastKnownFileType = sourcecode.c.h; name = gpc.h; path = ../rumor/controllers/gpc.h; sourceTree = "<group>"; };
		BC1410101972E41F00CBA0E2 /* lgpc.h */ = {isa = PBXFileReference; fileEncoding = 4; lastKnownFileType = sourcecode.c.h; name = lgpc.h; path = rumor/vendor/gpc/lgpc.h; sourceTree = SOURCE_ROOT; };
		BC31462C1944A5A400F475AC /* luagl_util.c */ = {isa = PBXFileReference; fileEncoding = 4; lastKnownFileType = sourcecode.c.c; path = luagl_util.c; sourceTree = "<group>"; };
		BC31462D1944A5A400F475AC /* luagl_util.h */ = {isa = PBXFileReference; fileEncoding = 4; lastKnownFileType = sourcecode.c.h; path = luagl_util.h; sourceTree = "<group>"; };
		BC438C3F18FC965F00AA5D15 /* a.out */ = {isa = PBXFileReference; lastKnownFileType = "compiled.mach-o.executable"; name = a.out; path = ../testlua/a.out; sourceTree = "<group>"; };
		BC438C4118FC96CD00AA5D15 /* lua */ = {isa = PBXFileReference; lastKnownFileType = "compiled.mach-o.executable"; name = lua; path = ../../../../usr/local/bin/lua; sourceTree = "<group>"; };
		BC438C4318FC978800AA5D15 /* lua */ = {isa = PBXFileReference; lastKnownFileType = "compiled.mach-o.executable"; name = lua; path = ../bin/lua; sourceTree = "<group>"; };
		BC438C4618FC97A800AA5D15 /* liblua.a */ = {isa = PBXFileReference; lastKnownFileType = archive.ar; name = liblua.a; path = ../lib/liblua.a; sourceTree = "<group>"; };
		BC438C4918FC982400AA5D15 /* lapi.c */ = {isa = PBXFileReference; fileEncoding = 4; lastKnownFileType = sourcecode.c.c; path = lapi.c; sourceTree = "<group>"; };
		BC438C4A18FC982400AA5D15 /* lapi.h */ = {isa = PBXFileReference; fileEncoding = 4; lastKnownFileType = sourcecode.c.h; path = lapi.h; sourceTree = "<group>"; };
		BC438C4B18FC982400AA5D15 /* lapi.o */ = {isa = PBXFileReference; lastKnownFileType = "compiled.mach-o.objfile"; path = lapi.o; sourceTree = "<group>"; };
		BC438C4C18FC982400AA5D15 /* lauxlib.c */ = {isa = PBXFileReference; fileEncoding = 4; lastKnownFileType = sourcecode.c.c; path = lauxlib.c; sourceTree = "<group>"; };
		BC438C4D18FC982400AA5D15 /* lauxlib.h */ = {isa = PBXFileReference; fileEncoding = 4; lastKnownFileType = sourcecode.c.h; path = lauxlib.h; sourceTree = "<group>"; };
		BC438C4E18FC982400AA5D15 /* lauxlib.o */ = {isa = PBXFileReference; lastKnownFileType = "compiled.mach-o.objfile"; path = lauxlib.o; sourceTree = "<group>"; };
		BC438C4F18FC982400AA5D15 /* lbaselib.c */ = {isa = PBXFileReference; fileEncoding = 4; lastKnownFileType = sourcecode.c.c; path = lbaselib.c; sourceTree = "<group>"; };
		BC438C5018FC982400AA5D15 /* lbaselib.o */ = {isa = PBXFileReference; lastKnownFileType = "compiled.mach-o.objfile"; path = lbaselib.o; sourceTree = "<group>"; };
		BC438C5118FC982400AA5D15 /* lbitlib.c */ = {isa = PBXFileReference; fileEncoding = 4; lastKnownFileType = sourcecode.c.c; path = lbitlib.c; sourceTree = "<group>"; };
		BC438C5218FC982400AA5D15 /* lbitlib.o */ = {isa = PBXFileReference; lastKnownFileType = "compiled.mach-o.objfile"; path = lbitlib.o; sourceTree = "<group>"; };
		BC438C5318FC982400AA5D15 /* lcode.c */ = {isa = PBXFileReference; fileEncoding = 4; lastKnownFileType = sourcecode.c.c; path = lcode.c; sourceTree = "<group>"; };
		BC438C5418FC982400AA5D15 /* lcode.h */ = {isa = PBXFileReference; fileEncoding = 4; lastKnownFileType = sourcecode.c.h; path = lcode.h; sourceTree = "<group>"; };
		BC438C5518FC982400AA5D15 /* lcode.o */ = {isa = PBXFileReference; lastKnownFileType = "compiled.mach-o.objfile"; path = lcode.o; sourceTree = "<group>"; };
		BC438C5618FC982400AA5D15 /* lcorolib.c */ = {isa = PBXFileReference; fileEncoding = 4; lastKnownFileType = sourcecode.c.c; path = lcorolib.c; sourceTree = "<group>"; };
		BC438C5718FC982400AA5D15 /* lcorolib.o */ = {isa = PBXFileReference; lastKnownFileType = "compiled.mach-o.objfile"; path = lcorolib.o; sourceTree = "<group>"; };
		BC438C5818FC982400AA5D15 /* lctype.c */ = {isa = PBXFileReference; fileEncoding = 4; lastKnownFileType = sourcecode.c.c; path = lctype.c; sourceTree = "<group>"; };
		BC438C5918FC982400AA5D15 /* lctype.h */ = {isa = PBXFileReference; fileEncoding = 4; lastKnownFileType = sourcecode.c.h; path = lctype.h; sourceTree = "<group>"; };
		BC438C5A18FC982400AA5D15 /* lctype.o */ = {isa = PBXFileReference; lastKnownFileType = "compiled.mach-o.objfile"; path = lctype.o; sourceTree = "<group>"; };
		BC438C5B18FC982400AA5D15 /* ldblib.c */ = {isa = PBXFileReference; fileEncoding = 4; lastKnownFileType = sourcecode.c.c; path = ldblib.c; sourceTree = "<group>"; };
		BC438C5C18FC982400AA5D15 /* ldblib.o */ = {isa = PBXFileReference; lastKnownFileType = "compiled.mach-o.objfile"; path = ldblib.o; sourceTree = "<group>"; };
		BC438C5D18FC982400AA5D15 /* ldebug.c */ = {isa = PBXFileReference; fileEncoding = 4; lastKnownFileType = sourcecode.c.c; path = ldebug.c; sourceTree = "<group>"; };
		BC438C5E18FC982400AA5D15 /* ldebug.h */ = {isa = PBXFileReference; fileEncoding = 4; lastKnownFileType = sourcecode.c.h; path = ldebug.h; sourceTree = "<group>"; };
		BC438C5F18FC982400AA5D15 /* ldebug.o */ = {isa = PBXFileReference; lastKnownFileType = "compiled.mach-o.objfile"; path = ldebug.o; sourceTree = "<group>"; };
		BC438C6018FC982400AA5D15 /* ldo.c */ = {isa = PBXFileReference; fileEncoding = 4; lastKnownFileType = sourcecode.c.c; path = ldo.c; sourceTree = "<group>"; };
		BC438C6118FC982400AA5D15 /* ldo.h */ = {isa = PBXFileReference; fileEncoding = 4; lastKnownFileType = sourcecode.c.h; path = ldo.h; sourceTree = "<group>"; };
		BC438C6218FC982400AA5D15 /* ldo.o */ = {isa = PBXFileReference; lastKnownFileType = "compiled.mach-o.objfile"; path = ldo.o; sourceTree = "<group>"; };
		BC438C6318FC982400AA5D15 /* ldump.c */ = {isa = PBXFileReference; fileEncoding = 4; lastKnownFileType = sourcecode.c.c; path = ldump.c; sourceTree = "<group>"; };
		BC438C6418FC982400AA5D15 /* ldump.o */ = {isa = PBXFileReference; lastKnownFileType = "compiled.mach-o.objfile"; path = ldump.o; sourceTree = "<group>"; };
		BC438C6518FC982400AA5D15 /* lfunc.c */ = {isa = PBXFileReference; fileEncoding = 4; lastKnownFileType = sourcecode.c.c; path = lfunc.c; sourceTree = "<group>"; };
		BC438C6618FC982400AA5D15 /* lfunc.h */ = {isa = PBXFileReference; fileEncoding = 4; lastKnownFileType = sourcecode.c.h; path = lfunc.h; sourceTree = "<group>"; };
		BC438C6718FC982400AA5D15 /* lfunc.o */ = {isa = PBXFileReference; lastKnownFileType = "compiled.mach-o.objfile"; path = lfunc.o; sourceTree = "<group>"; };
		BC438C6818FC982400AA5D15 /* lgc.c */ = {isa = PBXFileReference; fileEncoding = 4; lastKnownFileType = sourcecode.c.c; path = lgc.c; sourceTree = "<group>"; };
		BC438C6918FC982400AA5D15 /* lgc.h */ = {isa = PBXFileReference; fileEncoding = 4; lastKnownFileType = sourcecode.c.h; path = lgc.h; sourceTree = "<group>"; };
		BC438C6A18FC982400AA5D15 /* lgc.o */ = {isa = PBXFileReference; lastKnownFileType = "compiled.mach-o.objfile"; path = lgc.o; sourceTree = "<group>"; };
		BC438C6C18FC982400AA5D15 /* linit.c */ = {isa = PBXFileReference; fileEncoding = 4; lastKnownFileType = sourcecode.c.c; path = linit.c; sourceTree = "<group>"; };
		BC438C6D18FC982400AA5D15 /* linit.o */ = {isa = PBXFileReference; lastKnownFileType = "compiled.mach-o.objfile"; path = linit.o; sourceTree = "<group>"; };
		BC438C6E18FC982400AA5D15 /* liolib.c */ = {isa = PBXFileReference; fileEncoding = 4; lastKnownFileType = sourcecode.c.c; path = liolib.c; sourceTree = "<group>"; };
		BC438C6F18FC982400AA5D15 /* liolib.o */ = {isa = PBXFileReference; lastKnownFileType = "compiled.mach-o.objfile"; path = liolib.o; sourceTree = "<group>"; };
		BC438C7018FC982400AA5D15 /* llex.c */ = {isa = PBXFileReference; fileEncoding = 4; lastKnownFileType = sourcecode.c.c; path = llex.c; sourceTree = "<group>"; };
		BC438C7118FC982400AA5D15 /* llex.h */ = {isa = PBXFileReference; fileEncoding = 4; lastKnownFileType = sourcecode.c.h; path = llex.h; sourceTree = "<group>"; };
		BC438C7218FC982400AA5D15 /* llex.o */ = {isa = PBXFileReference; lastKnownFileType = "compiled.mach-o.objfile"; path = llex.o; sourceTree = "<group>"; };
		BC438C7318FC982400AA5D15 /* llimits.h */ = {isa = PBXFileReference; fileEncoding = 4; lastKnownFileType = sourcecode.c.h; path = llimits.h; sourceTree = "<group>"; };
		BC438C7418FC982400AA5D15 /* lmathlib.c */ = {isa = PBXFileReference; fileEncoding = 4; lastKnownFileType = sourcecode.c.c; path = lmathlib.c; sourceTree = "<group>"; };
		BC438C7518FC982400AA5D15 /* lmathlib.o */ = {isa = PBXFileReference; lastKnownFileType = "compiled.mach-o.objfile"; path = lmathlib.o; sourceTree = "<group>"; };
		BC438C7618FC982400AA5D15 /* lmem.c */ = {isa = PBXFileReference; fileEncoding = 4; lastKnownFileType = sourcecode.c.c; path = lmem.c; sourceTree = "<group>"; };
		BC438C7718FC982400AA5D15 /* lmem.h */ = {isa = PBXFileReference; fileEncoding = 4; lastKnownFileType = sourcecode.c.h; path = lmem.h; sourceTree = "<group>"; };
		BC438C7818FC982400AA5D15 /* lmem.o */ = {isa = PBXFileReference; lastKnownFileType = "compiled.mach-o.objfile"; path = lmem.o; sourceTree = "<group>"; };
		BC438C7918FC982400AA5D15 /* loadlib.c */ = {isa = PBXFileReference; fileEncoding = 4; lastKnownFileType = sourcecode.c.c; path = loadlib.c; sourceTree = "<group>"; };
		BC438C7A18FC982400AA5D15 /* loadlib.o */ = {isa = PBXFileReference; lastKnownFileType = "compiled.mach-o.objfile"; path = loadlib.o; sourceTree = "<group>"; };
		BC438C7B18FC982400AA5D15 /* lobject.c */ = {isa = PBXFileReference; fileEncoding = 4; lastKnownFileType = sourcecode.c.c; path = lobject.c; sourceTree = "<group>"; };
		BC438C7C18FC982400AA5D15 /* lobject.h */ = {isa = PBXFileReference; fileEncoding = 4; lastKnownFileType = sourcecode.c.h; path = lobject.h; sourceTree = "<group>"; };
		BC438C7D18FC982400AA5D15 /* lobject.o */ = {isa = PBXFileReference; lastKnownFileType = "compiled.mach-o.objfile"; path = lobject.o; sourceTree = "<group>"; };
		BC438C7E18FC982400AA5D15 /* lopcodes.c */ = {isa = PBXFileReference; fileEncoding = 4; lastKnownFileType = sourcecode.c.c; path = lopcodes.c; sourceTree = "<group>"; };
		BC438C7F18FC982400AA5D15 /* lopcodes.h */ = {isa = PBXFileReference; fileEncoding = 4; lastKnownFileType = sourcecode.c.h; path = lopcodes.h; sourceTree = "<group>"; };
		BC438C8018FC982400AA5D15 /* lopcodes.o */ = {isa = PBXFileReference; lastKnownFileType = "compiled.mach-o.objfile"; path = lopcodes.o; sourceTree = "<group>"; };
		BC438C8118FC982400AA5D15 /* loslib.c */ = {isa = PBXFileReference; fileEncoding = 4; lastKnownFileType = sourcecode.c.c; path = loslib.c; sourceTree = "<group>"; };
		BC438C8218FC982400AA5D15 /* loslib.o */ = {isa = PBXFileReference; lastKnownFileType = "compiled.mach-o.objfile"; path = loslib.o; sourceTree = "<group>"; };
		BC438C8318FC982400AA5D15 /* lparser.c */ = {isa = PBXFileReference; fileEncoding = 4; lastKnownFileType = sourcecode.c.c; path = lparser.c; sourceTree = "<group>"; };
		BC438C8418FC982400AA5D15 /* lparser.h */ = {isa = PBXFileReference; fileEncoding = 4; lastKnownFileType = sourcecode.c.h; path = lparser.h; sourceTree = "<group>"; };
		BC438C8518FC982400AA5D15 /* lparser.o */ = {isa = PBXFileReference; lastKnownFileType = "compiled.mach-o.objfile"; path = lparser.o; sourceTree = "<group>"; };
		BC438C8618FC982400AA5D15 /* lstate.c */ = {isa = PBXFileReference; fileEncoding = 4; lastKnownFileType = sourcecode.c.c; path = lstate.c; sourceTree = "<group>"; };
		BC438C8718FC982400AA5D15 /* lstate.h */ = {isa = PBXFileReference; fileEncoding = 4; lastKnownFileType = sourcecode.c.h; path = lstate.h; sourceTree = "<group>"; };
		BC438C8818FC982400AA5D15 /* lstate.o */ = {isa = PBXFileReference; lastKnownFileType = "compiled.mach-o.objfile"; path = lstate.o; sourceTree = "<group>"; };
		BC438C8918FC982400AA5D15 /* lstring.c */ = {isa = PBXFileReference; fileEncoding = 4; lastKnownFileType = sourcecode.c.c; path = lstring.c; sourceTree = "<group>"; };
		BC438C8A18FC982400AA5D15 /* lstring.h */ = {isa = PBXFileReference; fileEncoding = 4; lastKnownFileType = sourcecode.c.h; path = lstring.h; sourceTree = "<group>"; };
		BC438C8B18FC982400AA5D15 /* lstring.o */ = {isa = PBXFileReference; lastKnownFileType = "compiled.mach-o.objfile"; path = lstring.o; sourceTree = "<group>"; };
		BC438C8C18FC982400AA5D15 /* lstrlib.c */ = {isa = PBXFileReference; fileEncoding = 4; lastKnownFileType = sourcecode.c.c; path = lstrlib.c; sourceTree = "<group>"; };
		BC438C8D18FC982400AA5D15 /* lstrlib.o */ = {isa = PBXFileReference; lastKnownFileType = "compiled.mach-o.objfile"; path = lstrlib.o; sourceTree = "<group>"; };
		BC438C8E18FC982400AA5D15 /* ltable.c */ = {isa = PBXFileReference; fileEncoding = 4; lastKnownFileType = sourcecode.c.c; path = ltable.c; sourceTree = "<group>"; };
		BC438C8F18FC982400AA5D15 /* ltable.h */ = {isa = PBXFileReference; fileEncoding = 4; lastKnownFileType = sourcecode.c.h; path = ltable.h; sourceTree = "<group>"; };
		BC438C9018FC982400AA5D15 /* ltable.o */ = {isa = PBXFileReference; lastKnownFileType = "compiled.mach-o.objfile"; path = ltable.o; sourceTree = "<group>"; };
		BC438C9118FC982400AA5D15 /* ltablib.c */ = {isa = PBXFileReference; fileEncoding = 4; lastKnownFileType = sourcecode.c.c; path = ltablib.c; sourceTree = "<group>"; };
		BC438C9218FC982400AA5D15 /* ltablib.o */ = {isa = PBXFileReference; lastKnownFileType = "compiled.mach-o.objfile"; path = ltablib.o; sourceTree = "<group>"; };
		BC438C9318FC982400AA5D15 /* ltm.c */ = {isa = PBXFileReference; fileEncoding = 4; lastKnownFileType = sourcecode.c.c; path = ltm.c; sourceTree = "<group>"; };
		BC438C9418FC982400AA5D15 /* ltm.h */ = {isa = PBXFileReference; fileEncoding = 4; lastKnownFileType = sourcecode.c.h; path = ltm.h; sourceTree = "<group>"; };
		BC438C9518FC982400AA5D15 /* ltm.o */ = {isa = PBXFileReference; lastKnownFileType = "compiled.mach-o.objfile"; path = ltm.o; sourceTree = "<group>"; };
		BC438C9618FC982400AA5D15 /* lua.h */ = {isa = PBXFileReference; fileEncoding = 4; lastKnownFileType = sourcecode.c.h; path = lua.h; sourceTree = "<group>"; };
		BC438C9718FC982400AA5D15 /* lua.hpp */ = {isa = PBXFileReference; fileEncoding = 4; lastKnownFileType = sourcecode.cpp.h; path = lua.hpp; sourceTree = "<group>"; };
		BC438C9A18FC982400AA5D15 /* luaconf.h */ = {isa = PBXFileReference; fileEncoding = 4; lastKnownFileType = sourcecode.c.h; path = luaconf.h; sourceTree = "<group>"; };
		BC438C9B18FC982400AA5D15 /* lualib.h */ = {isa = PBXFileReference; fileEncoding = 4; lastKnownFileType = sourcecode.c.h; path = lualib.h; sourceTree = "<group>"; };
		BC438C9C18FC982400AA5D15 /* lundump.c */ = {isa = PBXFileReference; fileEncoding = 4; lastKnownFileType = sourcecode.c.c; path = lundump.c; sourceTree = "<group>"; };
		BC438C9D18FC982400AA5D15 /* lundump.h */ = {isa = PBXFileReference; fileEncoding = 4; lastKnownFileType = sourcecode.c.h; path = lundump.h; sourceTree = "<group>"; };
		BC438C9E18FC982400AA5D15 /* lundump.o */ = {isa = PBXFileReference; lastKnownFileType = "compiled.mach-o.objfile"; path = lundump.o; sourceTree = "<group>"; };
		BC438C9F18FC982400AA5D15 /* lvm.c */ = {isa = PBXFileReference; fileEncoding = 4; lastKnownFileType = sourcecode.c.c; path = lvm.c; sourceTree = "<group>"; };
		BC438CA018FC982400AA5D15 /* lvm.h */ = {isa = PBXFileReference; fileEncoding = 4; lastKnownFileType = sourcecode.c.h; path = lvm.h; sourceTree = "<group>"; };
		BC438CA118FC982400AA5D15 /* lvm.o */ = {isa = PBXFileReference; lastKnownFileType = "compiled.mach-o.objfile"; path = lvm.o; sourceTree = "<group>"; };
		BC438CA218FC982400AA5D15 /* lzio.c */ = {isa = PBXFileReference; fileEncoding = 4; lastKnownFileType = sourcecode.c.c; path = lzio.c; sourceTree = "<group>"; };
		BC438CA318FC982400AA5D15 /* lzio.h */ = {isa = PBXFileReference; fileEncoding = 4; lastKnownFileType = sourcecode.c.h; path = lzio.h; sourceTree = "<group>"; };
		BC438CA418FC982400AA5D15 /* lzio.o */ = {isa = PBXFileReference; lastKnownFileType = "compiled.mach-o.objfile"; path = lzio.o; sourceTree = "<group>"; };
		BC438CE918FC9E8100AA5D15 /* UKFileWatcher.h */ = {isa = PBXFileReference; fileEncoding = 4; lastKnownFileType = sourcecode.c.h; path = UKFileWatcher.h; sourceTree = "<group>"; };
		BC438CEA18FC9E8100AA5D15 /* UKFileWatcher.m */ = {isa = PBXFileReference; fileEncoding = 4; lastKnownFileType = sourcecode.c.objc; path = UKFileWatcher.m; sourceTree = "<group>"; };
		BC438CEB18FC9E8100AA5D15 /* UKFNSubscribeFileWatcher.h */ = {isa = PBXFileReference; fileEncoding = 4; lastKnownFileType = sourcecode.c.h; path = UKFNSubscribeFileWatcher.h; sourceTree = "<group>"; };
		BC438CEC18FC9E8100AA5D15 /* UKFNSubscribeFileWatcher.m */ = {isa = PBXFileReference; fileEncoding = 4; lastKnownFileType = sourcecode.c.objc; path = UKFNSubscribeFileWatcher.m; sourceTree = "<group>"; };
		BC438CED18FC9E8100AA5D15 /* UKKQueue Readme.txt */ = {isa = PBXFileReference; fileEncoding = 4; lastKnownFileType = text; path = "UKKQueue Readme.txt"; sourceTree = "<group>"; };
		BC438CEE18FC9E8100AA5D15 /* UKKQueue.h */ = {isa = PBXFileReference; fileEncoding = 4; lastKnownFileType = sourcecode.c.h; path = UKKQueue.h; sourceTree = "<group>"; };
		BC438CEF18FC9E8100AA5D15 /* UKKQueue.m */ = {isa = PBXFileReference; fileEncoding = 4; lastKnownFileType = sourcecode.c.objc; path = UKKQueue.m; sourceTree = "<group>"; };
		BC438CF018FC9E8100AA5D15 /* UKMainThreadProxy.h */ = {isa = PBXFileReference; fileEncoding = 4; lastKnownFileType = sourcecode.c.h; path = UKMainThreadProxy.h; sourceTree = "<group>"; };
		BC438CF118FC9E8100AA5D15 /* UKMainThreadProxy.m */ = {isa = PBXFileReference; fileEncoding = 4; lastKnownFileType = sourcecode.c.objc; path = UKMainThreadProxy.m; sourceTree = "<group>"; };
		BC4C47131A02E8F20030AE47 /* EmmaView.h */ = {isa = PBXFileReference; fileEncoding = 4; lastKnownFileType = sourcecode.c.h; path = EmmaView.h; sourceTree = "<group>"; };
		BC4C47141A02E8F20030AE47 /* EmmaView.m */ = {isa = PBXFileReference; fileEncoding = 4; lastKnownFileType = sourcecode.c.objc; path = EmmaView.m; sourceTree = "<group>"; };
		BC663FB918F9C7D3001DB2C3 /* liblua.a */ = {isa = PBXFileReference; lastKnownFileType = archive.ar; name = liblua.a; path = "../../Downloads/lua-5.2.3/src/liblua.a"; sourceTree = "<group>"; };
		BC74ACA619449627006D8543 /* scripts */ = {isa = PBXFileReference; lastKnownFileType = folder; path = scripts; sourceTree = "<group>"; };
		BC8795461972EB4800C50ED8 /* svg.lua */ = {isa = PBXFileReference; lastKnownFileType = text; name = svg.lua; path = scripts/emma/svg.lua; sourceTree = "<group>"; };
		BCDE08CF18DDF05F002587B8 /* QuartzCore.framework */ = {isa = PBXFileReference; lastKnownFileType = wrapper.framework; name = QuartzCore.framework; path = System/Library/Frameworks/QuartzCore.framework; sourceTree = SDKROOT; };
		BCDE08D118DDF07C002587B8 /* Quartz.framework */ = {isa = PBXFileReference; lastKnownFileType = wrapper.framework; name = Quartz.framework; path = System/Library/Frameworks/Quartz.framework; sourceTree = SDKROOT; };
		BCDE08D318DDF0B6002587B8 /* GLKit.framework */ = {isa = PBXFileReference; lastKnownFileType = wrapper.framework; name = GLKit.framework; path = System/Library/Frameworks/GLKit.framework; sourceTree = SDKROOT; };
		BCE3FCAD195A21FE00A3A7FF /* aabb.c */ = {isa = PBXFileReference; fileEncoding = 4; lastKnownFileType = sourcecode.c.c; path = aabb.c; sourceTree = "<group>"; };
		BCE3FCAE195A21FE00A3A7FF /* aabb.h */ = {isa = PBXFileReference; fileEncoding = 4; lastKnownFileType = sourcecode.c.h; path = aabb.h; sourceTree = "<group>"; };
		BCE3FCAF195A21FE00A3A7FF /* CMakeLists.txt */ = {isa = PBXFileReference; fileEncoding = 4; lastKnownFileType = text; path = CMakeLists.txt; sourceTree = "<group>"; };
		BCE3FCB1195A21FE00A3A7FF /* mat4stack.c */ = {isa = PBXFileReference; fileEncoding = 4; lastKnownFileType = sourcecode.c.c; path = mat4stack.c; sourceTree = "<group>"; };
		BCE3FCB2195A21FE00A3A7FF /* mat4stack.h */ = {isa = PBXFileReference; fileEncoding = 4; lastKnownFileType = sourcecode.c.h; path = mat4stack.h; sourceTree = "<group>"; };
		BCE3FCB3195A21FE00A3A7FF /* matrix.c */ = {isa = PBXFileReference; fileEncoding = 4; lastKnownFileType = sourcecode.c.c; path = matrix.c; sourceTree = "<group>"; };
		BCE3FCB4195A21FE00A3A7FF /* matrix.h */ = {isa = PBXFileReference; fileEncoding = 4; lastKnownFileType = sourcecode.c.h; path = matrix.h; sourceTree = "<group>"; };
		BCE3FCB5195A21FE00A3A7FF /* kazmath.h */ = {isa = PBXFileReference; fileEncoding = 4; lastKnownFileType = sourcecode.c.h; path = kazmath.h; sourceTree = "<group>"; };
		BCE3FCB6195A21FE00A3A7FF /* mat3.c */ = {isa = PBXFileReference; fileEncoding = 4; lastKnownFileType = sourcecode.c.c; path = mat3.c; sourceTree = "<group>"; };
		BCE3FCB7195A21FE00A3A7FF /* mat3.h */ = {isa = PBXFileReference; fileEncoding = 4; lastKnownFileType = sourcecode.c.h; path = mat3.h; sourceTree = "<group>"; };
		BCE3FCB8195A21FE00A3A7FF /* mat4.c */ = {isa = PBXFileReference; fileEncoding = 4; lastKnownFileType = sourcecode.c.c; path = mat4.c; sourceTree = "<group>"; };
		BCE3FCB9195A21FE00A3A7FF /* mat4.h */ = {isa = PBXFileReference; fileEncoding = 4; lastKnownFileType = sourcecode.c.h; path = mat4.h; sourceTree = "<group>"; };
		BCE3FCBA195A21FE00A3A7FF /* plane.c */ = {isa = PBXFileReference; fileEncoding = 4; lastKnownFileType = sourcecode.c.c; path = plane.c; sourceTree = "<group>"; };
		BCE3FCBB195A21FE00A3A7FF /* plane.h */ = {isa = PBXFileReference; fileEncoding = 4; lastKnownFileType = sourcecode.c.h; path = plane.h; sourceTree = "<group>"; };
		BCE3FCBC195A21FE00A3A7FF /* quaternion.c */ = {isa = PBXFileReference; fileEncoding = 4; lastKnownFileType = sourcecode.c.c; path = quaternion.c; sourceTree = "<group>"; };
		BCE3FCBD195A21FE00A3A7FF /* quaternion.h */ = {isa = PBXFileReference; fileEncoding = 4; lastKnownFileType = sourcecode.c.h; path = quaternion.h; sourceTree = "<group>"; };
		BCE3FCBE195A21FE00A3A7FF /* ray2.c */ = {isa = PBXFileReference; fileEncoding = 4; lastKnownFileType = sourcecode.c.c; path = ray2.c; sourceTree = "<group>"; };
		BCE3FCBF195A21FE00A3A7FF /* ray2.h */ = {isa = PBXFileReference; fileEncoding = 4; lastKnownFileType = sourcecode.c.h; path = ray2.h; sourceTree = "<group>"; };
		BCE3FCC0195A21FE00A3A7FF /* ray3.c */ = {isa = PBXFileReference; fileEncoding = 4; lastKnownFileType = sourcecode.c.c; path = ray3.c; sourceTree = "<group>"; };
		BCE3FCC1195A21FE00A3A7FF /* ray3.h */ = {isa = PBXFileReference; fileEncoding = 4; lastKnownFileType = sourcecode.c.h; path = ray3.h; sourceTree = "<group>"; };
		BCE3FCC2195A21FE00A3A7FF /* utility.c */ = {isa = PBXFileReference; fileEncoding = 4; lastKnownFileType = sourcecode.c.c; path = utility.c; sourceTree = "<group>"; };
		BCE3FCC3195A21FE00A3A7FF /* utility.h */ = {isa = PBXFileReference; fileEncoding = 4; lastKnownFileType = sourcecode.c.h; path = utility.h; sourceTree = "<group>"; };
		BCE3FCC4195A21FE00A3A7FF /* vec2.c */ = {isa = PBXFileReference; fileEncoding = 4; lastKnownFileType = sourcecode.c.c; path = vec2.c; sourceTree = "<group>"; };
		BCE3FCC5195A21FE00A3A7FF /* vec2.h */ = {isa = PBXFileReference; fileEncoding = 4; lastKnownFileType = sourcecode.c.h; path = vec2.h; sourceTree = "<group>"; };
		BCE3FCC6195A21FE00A3A7FF /* vec3.c */ = {isa = PBXFileReference; fileEncoding = 4; lastKnownFileType = sourcecode.c.c; path = vec3.c; sourceTree = "<group>"; };
		BCE3FCC7195A21FE00A3A7FF /* vec3.h */ = {isa = PBXFileReference; fileEncoding = 4; lastKnownFileType = sourcecode.c.h; path = vec3.h; sourceTree = "<group>"; };
		BCE3FCC8195A21FE00A3A7FF /* vec4.c */ = {isa = PBXFileReference; fileEncoding = 4; lastKnownFileType = sourcecode.c.c; path = vec4.c; sourceTree = "<group>"; };
		BCE3FCC9195A21FE00A3A7FF /* vec4.h */ = {isa = PBXFileReference; fileEncoding = 4; lastKnownFileType = sourcecode.c.h; path = vec4.h; sourceTree = "<group>"; };
		BCE3FCD8195A222300A3A7FF /* emma_mat4.h */ = {isa = PBXFileReference; fileEncoding = 4; lastKnownFileType = sourcecode.c.h; path = emma_mat4.h; sourceTree = "<group>"; };
		BCE3FCD9195A222300A3A7FF /* emma_mat4.m */ = {isa = PBXFileReference; fileEncoding = 4; lastKnownFileType = sourcecode.c.objc; path = emma_mat4.m; sourceTree = "<group>"; };
		BCE3FCDE195EFA9700A3A7FF /* emma_vec3.h */ = {isa = PBXFileReference; fileEncoding = 4; lastKnownFileType = sourcecode.c.h; path = emma_vec3.h; sourceTree = "<group>"; };
		BCE3FCDF195EFA9700A3A7FF /* emma_vec3.m */ = {isa = PBXFileReference; fileEncoding = 4; lastKnownFileType = sourcecode.c.objc; path = emma_vec3.m; sourceTree = "<group>"; };
		BCF7D6EB1944A45C00B7F453 /* luagl.m */ = {isa = PBXFileReference; fileEncoding = 4; lastKnownFileType = sourcecode.c.objc; name = luagl.m; path = ../../other/src/luagl.m; sourceTree = "<group>"; };
		BCF7D6EE1944A55300B7F453 /* luagl.h */ = {isa = PBXFileReference; fileEncoding = 4; lastKnownFileType = sourcecode.c.h; name = luagl.h; path = ../../other/src/luagl.h; sourceTree = "<group>"; };
/* End PBXFileReference section */

/* Begin PBXFrameworksBuildPhase section */
		72AF1A00326B54A227D8091C /* Frameworks */ = {
			isa = PBXFrameworksBuildPhase;
			buildActionMask = 2147483647;
			files = (
				BCDE08D518DDF0C4002587B8 /* AppKit.framework in Frameworks */,
				BCDE08D418DDF0B6002587B8 /* GLKit.framework in Frameworks */,
				BCDE08D218DDF07C002587B8 /* Quartz.framework in Frameworks */,
				BCDE08D018DDF05F002587B8 /* QuartzCore.framework in Frameworks */,
				72AF1FE9C5EE931DF7440FB5 /* Cocoa.framework in Frameworks */,
				72AF1DAC87E1E41FA5D12CCA /* OpenGL.framework in Frameworks */,
			);
			runOnlyForDeploymentPostprocessing = 0;
		};
/* End PBXFrameworksBuildPhase section */

/* Begin PBXGroup section */
		72AF104082EBD70AC73DFE58 /* Frameworks */ = {
			isa = PBXGroup;
			children = (
				BC438C4618FC97A800AA5D15 /* liblua.a */,
				BC438C4518FC979B00AA5D15 /* 5.2 */,
				BC438C4318FC978800AA5D15 /* lua */,
				BC438C4118FC96CD00AA5D15 /* lua */,
				BC438C3F18FC965F00AA5D15 /* a.out */,
				BC663FB918F9C7D3001DB2C3 /* liblua.a */,
				BCDE08D318DDF0B6002587B8 /* GLKit.framework */,
				BCDE08D118DDF07C002587B8 /* Quartz.framework */,
				BCDE08CF18DDF05F002587B8 /* QuartzCore.framework */,
				72AF196F0065B0BF8B317CF5 /* Cocoa.framework */,
				72AF141963DB0F2B5A024903 /* Other Frameworks */,
				72AF118FFBCCBCEC7B26AC62 /* XCTest.framework */,
				72AF1DF4C009A23351ADAA58 /* OpenGL.framework */,
			);
			name = Frameworks;
			path = ..;
			sourceTree = "<group>";
		};
		72AF10C9025F77D679CB67FA = {
			isa = PBXGroup;
			children = (
				BC8795461972EB4800C50ED8 /* svg.lua */,
				BC74ACA619449627006D8543 /* scripts */,
				72AF1D5E33684D7E53676F56 /* rumor */,
				72AF1D9B43962BA9C3A73D3D /* other */,
			);
			sourceTree = "<group>";
		};
		72AF11DBDF650C58E496D960 /* shaders */ = {
			isa = PBXGroup;
			children = (
				72AF1E7600476010528AA13D /* renderer.h */,
				72AF1EB80487E93A7DD0CD45 /* renderer.m */,
				72AF136855377E4E09C2638D /* default.fsh */,
				72AF12AD3D83846937D537FA /* default.vsh */,
			);
			path = shaders;
			sourceTree = "<group>";
		};
		72AF128A88F5682B7A3BB410 /* Products */ = {
			isa = PBXGroup;
			children = (
				72AF17D2C51EA69B5B913618 /* desky.app */,
			);
			name = Products;
			path = ..;
			sourceTree = "<group>";
		};
		72AF12929BAD15036CA86B7B /* Supporting Files */ = {
			isa = PBXGroup;
			children = (
				72AF13D31D0687192EC64940 /* desky-Info.plist */,
				72AF183E8E4DD4BA995AE04D /* InfoPlist.strings */,
				72AF18D21E6E88E42E7CBABB /* desky-Prefix.pch */,
				72AF1F7C52B8AF283C0E44A2 /* Credits.rtf */,
			);
			name = "Supporting Files";
			path = rumor;
			sourceTree = SOURCE_ROOT;
		};
		72AF141963DB0F2B5A024903 /* Other Frameworks */ = {
			isa = PBXGroup;
			children = (
				72AF144559629296821E05E9 /* AppKit.framework */,
				72AF1C6E7AE2096C767986EA /* CoreData.framework */,
				72AF11AD808DCCFF833C4E95 /* Foundation.framework */,
			);
			name = "Other Frameworks";
			sourceTree = "<group>";
		};
		72AF16F3C0E558AFCD332A9A /* main */ = {
			isa = PBXGroup;
			children = (
				72AF1728AC4CD3A035E2EB97 /* main.m */,
				72AF1042F698081DF1660915 /* app.m */,
				BC4C47131A02E8F20030AE47 /* EmmaView.h */,
				BC4C47141A02E8F20030AE47 /* EmmaView.m */,
				72AF128DA5A06EE92305716E /* app.h */,
			);
			name = main;
			path = ../other/main;
			sourceTree = "<group>";
		};
		72AF1AA3564666A1B07A1B72 /* meshes+texture */ = {
			isa = PBXGroup;
			children = (
				72AF15A63B2C0ADA6F5C7534 /* mesh.h */,
				72AF1EAE593CFB90B0A15129 /* mesh.m */,
				72AF1B019C5D67A0DA70D863 /* texture.m */,
				72AF160C61584BE3AA343E74 /* texture.h */,
				72AF1A59195EC0913F051CBA /* plane_mesh.h */,
			);
			path = "meshes+texture";
			sourceTree = "<group>";
		};
		72AF1C2A6460A0BC9E763974 /* lua-binders */ = {
			isa = PBXGroup;
			children = (
				72AF14CDD204742277F25466 /* Emma.h */,
				72AF1756FCF6BEDAF09E4A10 /* Emma.m */,
				BCF7D6EE1944A55300B7F453 /* luagl.h */,
				BCF7D6EB1944A45C00B7F453 /* luagl.m */,
				BCE3FCD8195A222300A3A7FF /* emma_mat4.h */,
				BCE3FCD9195A222300A3A7FF /* emma_mat4.m */,
				BCE3FCDE195EFA9700A3A7FF /* emma_vec3.h */,
				BCE3FCDF195EFA9700A3A7FF /* emma_vec3.m */,
				72AF1EC6639600773CED5076 /* chris.h */,
				72AF1353DC6398EF39932983 /* chris.m */,
			);
			name = "lua-binders";
			path = controllers;
			sourceTree = "<group>";
		};
		72AF1D5E33684D7E53676F56 /* rumor */ = {
			isa = PBXGroup;
			children = (
				72AF16F3C0E558AFCD332A9A /* main */,
				72AF1CC5D97BCA23032105B3 /* Images.xcassets */,
				72AF1C8FF9A6E9203A597204 /* readme.txt */,
				72AF1C2A6460A0BC9E763974 /* lua-binders */,
				72AF1F5189DBB137FB89F04E /* view */,
				72AF1AA3564666A1B07A1B72 /* meshes+texture */,
				72AF11DBDF650C58E496D960 /* shaders */,
			);
			path = rumor;
			sourceTree = "<group>";
		};
		72AF1D9B43962BA9C3A73D3D /* other */ = {
			isa = PBXGroup;
			children = (
				BC1410091972E07900CBA0E2 /* vendor */,
				72AF128A88F5682B7A3BB410 /* Products */,
				72AF104082EBD70AC73DFE58 /* Frameworks */,
				72AF12929BAD15036CA86B7B /* Supporting Files */,
			);
			path = other;
			sourceTree = "<group>";
		};
		72AF1F5189DBB137FB89F04E /* view */ = {
			isa = PBXGroup;
			children = (
				72AF18F27E3CDC58BD7E60E3 /* AppGLView.m */,
				72AF1E0CC06A0A4269E2F863 /* AppGLView.h */,
				72AF134F9D30135C8ACF058A /* app.xib */,
			);
			path = view;
			sourceTree = "<group>";
		};
		BC1410091972E07900CBA0E2 /* vendor */ = {
			isa = PBXGroup;
			children = (
				BC14100F1972E33600CBA0E2 /* gpc */,
				BCE3FCAC195A21FE00A3A7FF /* kazmath */,
				BC438CE818FC9E8100AA5D15 /* UKKQueue */,
				BC438C4818FC982400AA5D15 /* lua */,
			);
			name = vendor;
			sourceTree = "<group>";
		};
		BC14100F1972E33600CBA0E2 /* gpc */ = {
			isa = PBXGroup;
			children = (
				BC14100C1972E33000CBA0E2 /* gpc.c */,
				BC14100D1972E33000CBA0E2 /* gpc.h */,
				BC14100A1972E0CD00CBA0E2 /* lgpc.c */,
				BC1410101972E41F00CBA0E2 /* lgpc.h */,
			);
			name = gpc;
			sourceTree = "<group>";
		};
		BC438C4518FC979B00AA5D15 /* 5.2 */ = {
			isa = PBXGroup;
			children = (
			);
			name = 5.2;
			path = ../lib/lua/5.2;
			sourceTree = "<group>";
		};
		BC438C4818FC982400AA5D15 /* lua */ = {
			isa = PBXGroup;
			children = (
				BC438C4A18FC982400AA5D15 /* lapi.h */,
				BC438C4B18FC982400AA5D15 /* lapi.o */,
				BC438C4C18FC982400AA5D15 /* lauxlib.c */,
				BC438C4D18FC982400AA5D15 /* lauxlib.h */,
				BC438C4918FC982400AA5D15 /* lapi.c */,
				BC438C4E18FC982400AA5D15 /* lauxlib.o */,
				BC438C4F18FC982400AA5D15 /* lbaselib.c */,
				BC438C5018FC982400AA5D15 /* lbaselib.o */,
				BC438C5118FC982400AA5D15 /* lbitlib.c */,
				BC31462C1944A5A400F475AC /* luagl_util.c */,
				BC31462D1944A5A400F475AC /* luagl_util.h */,
				BC438C5218FC982400AA5D15 /* lbitlib.o */,
				BC438C5318FC982400AA5D15 /* lcode.c */,
				BC438C5418FC982400AA5D15 /* lcode.h */,
				BC438C5518FC982400AA5D15 /* lcode.o */,
				BC438C5618FC982400AA5D15 /* lcorolib.c */,
				BC438C5718FC982400AA5D15 /* lcorolib.o */,
				BC438C5818FC982400AA5D15 /* lctype.c */,
				BC438C5918FC982400AA5D15 /* lctype.h */,
				BC438C5A18FC982400AA5D15 /* lctype.o */,
				BC438C5B18FC982400AA5D15 /* ldblib.c */,
				BC438C5C18FC982400AA5D15 /* ldblib.o */,
				BC438C5D18FC982400AA5D15 /* ldebug.c */,
				BC438C5E18FC982400AA5D15 /* ldebug.h */,
				BC438C5F18FC982400AA5D15 /* ldebug.o */,
				BC438C6018FC982400AA5D15 /* ldo.c */,
				BC438C6118FC982400AA5D15 /* ldo.h */,
				BC438C6218FC982400AA5D15 /* ldo.o */,
				BC438C6318FC982400AA5D15 /* ldump.c */,
				BC438C6418FC982400AA5D15 /* ldump.o */,
				BC438C6518FC982400AA5D15 /* lfunc.c */,
				BC438C6618FC982400AA5D15 /* lfunc.h */,
				BC438C6718FC982400AA5D15 /* lfunc.o */,
				BC438C6818FC982400AA5D15 /* lgc.c */,
				BC438C6918FC982400AA5D15 /* lgc.h */,
				BC438C6A18FC982400AA5D15 /* lgc.o */,
				BC438C6C18FC982400AA5D15 /* linit.c */,
				BC438C6D18FC982400AA5D15 /* linit.o */,
				BC438C6E18FC982400AA5D15 /* liolib.c */,
				BC438C6F18FC982400AA5D15 /* liolib.o */,
				BC438C7018FC982400AA5D15 /* llex.c */,
				BC438C7118FC982400AA5D15 /* llex.h */,
				BC438C7218FC982400AA5D15 /* llex.o */,
				BC438C7318FC982400AA5D15 /* llimits.h */,
				BC438C7418FC982400AA5D15 /* lmathlib.c */,
				BC438C7518FC982400AA5D15 /* lmathlib.o */,
				BC438C7618FC982400AA5D15 /* lmem.c */,
				BC438C7718FC982400AA5D15 /* lmem.h */,
				BC438C7818FC982400AA5D15 /* lmem.o */,
				BC438C7918FC982400AA5D15 /* loadlib.c */,
				BC438C7A18FC982400AA5D15 /* loadlib.o */,
				BC438C7B18FC982400AA5D15 /* lobject.c */,
				BC438C7C18FC982400AA5D15 /* lobject.h */,
				BC438C7D18FC982400AA5D15 /* lobject.o */,
				BC438C7E18FC982400AA5D15 /* lopcodes.c */,
				BC438C7F18FC982400AA5D15 /* lopcodes.h */,
				BC438C8018FC982400AA5D15 /* lopcodes.o */,
				BC438C8118FC982400AA5D15 /* loslib.c */,
				BC438C8218FC982400AA5D15 /* loslib.o */,
				BC438C8318FC982400AA5D15 /* lparser.c */,
				BC438C8418FC982400AA5D15 /* lparser.h */,
				BC438C8518FC982400AA5D15 /* lparser.o */,
				BC438C8618FC982400AA5D15 /* lstate.c */,
				BC438C8718FC982400AA5D15 /* lstate.h */,
				BC438C8818FC982400AA5D15 /* lstate.o */,
				BC438C8918FC982400AA5D15 /* lstring.c */,
				BC438C8A18FC982400AA5D15 /* lstring.h */,
				BC438C8B18FC982400AA5D15 /* lstring.o */,
				BC438C8C18FC982400AA5D15 /* lstrlib.c */,
				BC438C8D18FC982400AA5D15 /* lstrlib.o */,
				BC438C8E18FC982400AA5D15 /* ltable.c */,
				BC438C8F18FC982400AA5D15 /* ltable.h */,
				BC438C9018FC982400AA5D15 /* ltable.o */,
				BC438C9118FC982400AA5D15 /* ltablib.c */,
				BC438C9218FC982400AA5D15 /* ltablib.o */,
				BC438C9318FC982400AA5D15 /* ltm.c */,
				BC438C9418FC982400AA5D15 /* ltm.h */,
				BC438C9518FC982400AA5D15 /* ltm.o */,
				BC438C9618FC982400AA5D15 /* lua.h */,
				BC438C9718FC982400AA5D15 /* lua.hpp */,
				BC438C9A18FC982400AA5D15 /* luaconf.h */,
				BC438C9B18FC982400AA5D15 /* lualib.h */,
				BC438C9C18FC982400AA5D15 /* lundump.c */,
				BC438C9D18FC982400AA5D15 /* lundump.h */,
				BC438C9E18FC982400AA5D15 /* lundump.o */,
				BC438C9F18FC982400AA5D15 /* lvm.c */,
				BC438CA018FC982400AA5D15 /* lvm.h */,
				BC438CA118FC982400AA5D15 /* lvm.o */,
				BC438CA218FC982400AA5D15 /* lzio.c */,
				BC438CA318FC982400AA5D15 /* lzio.h */,
				BC438CA418FC982400AA5D15 /* lzio.o */,
			);
			name = lua;
			path = src;
			sourceTree = "<group>";
		};
		BC438CE818FC9E8100AA5D15 /* UKKQueue */ = {
			isa = PBXGroup;
			children = (
				BC438CE918FC9E8100AA5D15 /* UKFileWatcher.h */,
				BC438CEA18FC9E8100AA5D15 /* UKFileWatcher.m */,
				BC438CEB18FC9E8100AA5D15 /* UKFNSubscribeFileWatcher.h */,
				BC438CEC18FC9E8100AA5D15 /* UKFNSubscribeFileWatcher.m */,
				BC438CED18FC9E8100AA5D15 /* UKKQueue Readme.txt */,
				BC438CEE18FC9E8100AA5D15 /* UKKQueue.h */,
				BC438CEF18FC9E8100AA5D15 /* UKKQueue.m */,
				BC438CF018FC9E8100AA5D15 /* UKMainThreadProxy.h */,
				BC438CF118FC9E8100AA5D15 /* UKMainThreadProxy.m */,
			);
			name = UKKQueue;
			path = ../rumor/UKKQueue;
			sourceTree = "<group>";
		};
		BCE3FCAC195A21FE00A3A7FF /* kazmath */ = {
			isa = PBXGroup;
			children = (
				BCE3FCAD195A21FE00A3A7FF /* aabb.c */,
				BCE3FCAE195A21FE00A3A7FF /* aabb.h */,
				BCE3FCAF195A21FE00A3A7FF /* CMakeLists.txt */,
				BCE3FCB0195A21FE00A3A7FF /* GL */,
				BCE3FCB5195A21FE00A3A7FF /* kazmath.h */,
				BCE3FCB6195A21FE00A3A7FF /* mat3.c */,
				BCE3FCB7195A21FE00A3A7FF /* mat3.h */,
				BCE3FCB8195A21FE00A3A7FF /* mat4.c */,
				BCE3FCB9195A21FE00A3A7FF /* mat4.h */,
				BCE3FCBA195A21FE00A3A7FF /* plane.c */,
				BCE3FCBB195A21FE00A3A7FF /* plane.h */,
				BCE3FCBC195A21FE00A3A7FF /* quaternion.c */,
				BCE3FCBD195A21FE00A3A7FF /* quaternion.h */,
				BCE3FCBE195A21FE00A3A7FF /* ray2.c */,
				BCE3FCBF195A21FE00A3A7FF /* ray2.h */,
				BCE3FCC0195A21FE00A3A7FF /* ray3.c */,
				BCE3FCC1195A21FE00A3A7FF /* ray3.h */,
				BCE3FCC2195A21FE00A3A7FF /* utility.c */,
				BCE3FCC3195A21FE00A3A7FF /* utility.h */,
				BCE3FCC4195A21FE00A3A7FF /* vec2.c */,
				BCE3FCC5195A21FE00A3A7FF /* vec2.h */,
				BCE3FCC6195A21FE00A3A7FF /* vec3.c */,
				BCE3FCC7195A21FE00A3A7FF /* vec3.h */,
				BCE3FCC8195A21FE00A3A7FF /* vec4.c */,
				BCE3FCC9195A21FE00A3A7FF /* vec4.h */,
			);
			name = kazmath;
			path = ../rumor/kazmath;
			sourceTree = "<group>";
		};
		BCE3FCB0195A21FE00A3A7FF /* GL */ = {
			isa = PBXGroup;
			children = (
				BCE3FCB1195A21FE00A3A7FF /* mat4stack.c */,
				BCE3FCB2195A21FE00A3A7FF /* mat4stack.h */,
				BCE3FCB3195A21FE00A3A7FF /* matrix.c */,
				BCE3FCB4195A21FE00A3A7FF /* matrix.h */,
			);
			path = GL;
			sourceTree = "<group>";
		};
/* End PBXGroup section */

/* Begin PBXNativeTarget section */
		72AF1B0D83BF58C726478BDD /* desky */ = {
			isa = PBXNativeTarget;
			buildConfigurationList = 72AF127DD316831B938D1738 /* Build configuration list for PBXNativeTarget "desky" */;
			buildPhases = (
				72AF16788CF78E42360E516F /* Sources */,
				72AF1A00326B54A227D8091C /* Frameworks */,
				72AF1994A9E846376E0062E9 /* Resources */,
			);
			buildRules = (
			);
			dependencies = (
			);
			name = desky;
			productName = rumor;
			productReference = 72AF17D2C51EA69B5B913618 /* desky.app */;
			productType = "com.apple.product-type.application";
		};
/* End PBXNativeTarget section */

/* Begin PBXProject section */
		72AF1A00AE607CF508FB322E /* Project object */ = {
			isa = PBXProject;
			attributes = {
				ORGANIZATIONNAME = "___FULLUSERNAME___";
			};
			buildConfigurationList = 72AF162AB783A6E18F0AAB05 /* Build configuration list for PBXProject "desky" */;
			compatibilityVersion = "Xcode 3.2";
			developmentRegion = English;
			hasScannedForEncodings = 0;
			knownRegions = (
				en,
			);
			mainGroup = 72AF10C9025F77D679CB67FA;
			productRefGroup = 72AF128A88F5682B7A3BB410 /* Products */;
			projectDirPath = "";
			projectRoot = "";
			targets = (
				72AF1B0D83BF58C726478BDD /* desky */,
			);
		};
/* End PBXProject section */

/* Begin PBXResourcesBuildPhase section */
		72AF1994A9E846376E0062E9 /* Resources */ = {
			isa = PBXResourcesBuildPhase;
			buildActionMask = 2147483647;
			files = (
				72AF196F30A00FA55C3CC9F4 /* Images.xcassets in Resources */,
				72AF15B5CE93CAD0A1D8BEDF /* readme.txt in Resources */,
				72AF1B4B7F02A1BEBD32BB06 /* app.xib in Resources */,
				BC74ACA719449627006D8543 /* scripts in Resources */,
				BCE3FCCB195A21FE00A3A7FF /* CMakeLists.txt in Resources */,
				72AF14120CEA2A77EFBBF4E5 /* InfoPlist.strings in Resources */,
				72AF16694FB538CED698330B /* Credits.rtf in Resources */,
				72AF1CFCC850CA72EEE269F2 /* default.fsh in Resources */,
				72AF1552931FC6E1DEF5DA68 /* default.vsh in Resources */,
				BC438CF418FC9E8100AA5D15 /* UKKQueue Readme.txt in Resources */,
			);
			runOnlyForDeploymentPostprocessing = 0;
		};
/* End PBXResourcesBuildPhase section */

/* Begin PBXSourcesBuildPhase section */
		72AF16788CF78E42360E516F /* Sources */ = {
			isa = PBXSourcesBuildPhase;
			buildActionMask = 2147483647;
			files = (
				BC4C47151A02E8F20030AE47 /* EmmaView.m in Sources */,
				BCE3FCD3195A21FE00A3A7FF /* ray3.c in Sources */,
				BCE3FCD5195A21FE00A3A7FF /* vec2.c in Sources */,
				BCF7D6ED1944A4F600B7F453 /* luagl.m in Sources */,
				BC438CC818FC982400AA5D15 /* lmem.c in Sources */,
				BC438CCE18FC982400AA5D15 /* lopcodes.c in Sources */,
				BC438CCC18FC982400AA5D15 /* lobject.c in Sources */,
				BCE3FCD6195A21FE00A3A7FF /* vec3.c in Sources */,
				BC438CBB18FC982400AA5D15 /* lfunc.c in Sources */,
				BC438CDC18FC982400AA5D15 /* ltablib.c in Sources */,
				BC438CE618FC982400AA5D15 /* lzio.c in Sources */,
				BC438CC618FC982400AA5D15 /* lmathlib.c in Sources */,
				BC438CB918FC982400AA5D15 /* ldump.c in Sources */,
				BC438CD418FC982400AA5D15 /* lstate.c in Sources */,
				BC438CD218FC982400AA5D15 /* lparser.c in Sources */,
				BC438CD818FC982400AA5D15 /* lstrlib.c in Sources */,
				72AF139ABEED6C9736EF9F6F /* AppGLView.m in Sources */,
				72AF18F99137FCA1F6743C9F /* main.m in Sources */,
				BC438CF618FC9E8100AA5D15 /* UKMainThreadProxy.m in Sources */,
				BC438CB318FC982400AA5D15 /* ldblib.c in Sources */,
				BC438CDE18FC982400AA5D15 /* ltm.c in Sources */,
				BCE3FCD2195A21FE00A3A7FF /* ray2.c in Sources */,
				BCE3FCE0195EFA9700A3A7FF /* emma_vec3.m in Sources */,
				BC438CAD18FC982400AA5D15 /* lcode.c in Sources */,
				BCE3FCCA195A21FE00A3A7FF /* aabb.c in Sources */,
				BC438CBD18FC982400AA5D15 /* lgc.c in Sources */,
				BCE3FCCE195A21FE00A3A7FF /* mat3.c in Sources */,
				72AF1240C254A3A66F10107A /* Emma.m in Sources */,
				BC438CA718FC982400AA5D15 /* lauxlib.c in Sources */,
				BC438CDA18FC982400AA5D15 /* ltable.c in Sources */,
				72AF13433173929534D04D3E /* chris.m in Sources */,
				BC14100E1972E33000CBA0E2 /* gpc.c in Sources */,
				BCE3FCCC195A21FE00A3A7FF /* mat4stack.c in Sources */,
				BC438CF318FC9E8100AA5D15 /* UKFNSubscribeFileWatcher.m in Sources */,
				BCE3FCD1195A21FE00A3A7FF /* quaternion.c in Sources */,
				BCE3FCD4195A21FE00A3A7FF /* utility.c in Sources */,
				BC438CC218FC982400AA5D15 /* liolib.c in Sources */,
				BC31462E1944A5A400F475AC /* luagl_util.c in Sources */,
				BC438CE418FC982400AA5D15 /* lvm.c in Sources */,
				BCE3FCCD195A21FE00A3A7FF /* matrix.c in Sources */,
				BC438CCA18FC982400AA5D15 /* loadlib.c in Sources */,
				BC14100B1972E0CD00CBA0E2 /* lgpc.c in Sources */,
				BCE3FCCF195A21FE00A3A7FF /* mat4.c in Sources */,
				BC438CA918FC982400AA5D15 /* lbaselib.c in Sources */,
				BC438CC418FC982400AA5D15 /* llex.c in Sources */,
				BC438CAF18FC982400AA5D15 /* lcorolib.c in Sources */,
				BC438CE218FC982400AA5D15 /* lundump.c in Sources */,
				72AF1141A1EDD2938130CE7A /* mesh.m in Sources */,
				72AF10E2869F8E60ED3B18E3 /* renderer.m in Sources */,
				BC438CB118FC982400AA5D15 /* lctype.c in Sources */,
				BCE3FCD0195A21FE00A3A7FF /* plane.c in Sources */,
				BC438CB518FC982400AA5D15 /* ldebug.c in Sources */,
				BC438CD618FC982400AA5D15 /* lstring.c in Sources */,
				BC438CAB18FC982400AA5D15 /* lbitlib.c in Sources */,
				BC438CD018FC982400AA5D15 /* loslib.c in Sources */,
				72AF12BD14D286F5E3C798B8 /* texture.m in Sources */,
				BC438CC018FC982400AA5D15 /* linit.c in Sources */,
				BC438CF518FC9E8100AA5D15 /* UKKQueue.m in Sources */,
				BC438CF218FC9E8100AA5D15 /* UKFileWatcher.m in Sources */,
				BCE3FCDA195A222300A3A7FF /* emma_mat4.m in Sources */,
				BC438CB718FC982400AA5D15 /* ldo.c in Sources */,
				BC438CA518FC982400AA5D15 /* lapi.c in Sources */,
				BCE3FCD7195A21FE00A3A7FF /* vec4.c in Sources */,
				72AF18B8D92EF49D61111960 /* app.m in Sources */,
			);
			runOnlyForDeploymentPostprocessing = 0;
		};
/* End PBXSourcesBuildPhase section */

/* Begin PBXVariantGroup section */
		72AF134F9D30135C8ACF058A /* app.xib */ = {
			isa = PBXVariantGroup;
			children = (
				72AF15E382E5CFB115F3A38E /* Base */,
			);
			name = app.xib;
			sourceTree = "<group>";
		};
		72AF183E8E4DD4BA995AE04D /* InfoPlist.strings */ = {
			isa = PBXVariantGroup;
			children = (
				72AF1DBE2C889A59B7EF5A5B /* en */,
			);
			name = InfoPlist.strings;
			sourceTree = "<group>";
		};
		72AF1F7C52B8AF283C0E44A2 /* Credits.rtf */ = {
			isa = PBXVariantGroup;
			children = (
				72AF1B97885CAB86D9553633 /* en */,
			);
			name = Credits.rtf;
			sourceTree = "<group>";
		};
/* End PBXVariantGroup section */

/* Begin XCBuildConfiguration section */
		72AF1457015191393041A30D /* Debug */ = {
			isa = XCBuildConfiguration;
			buildSettings = {
				ALWAYS_SEARCH_USER_PATHS = YES;
				ASSETCATALOG_COMPILER_APPICON_NAME = AppIcon;
				CLANG_ENABLE_OBJC_ARC = NO;
				COMBINE_HIDPI_IMAGES = YES;
				GCC_INPUT_FILETYPE = automatic;
				GCC_PRECOMPILE_PREFIX_HEADER = YES;
				GCC_PREFIX_HEADER = "rumor/desky-Prefix.pch";
				GCC_WARN_INHIBIT_ALL_WARNINGS = YES;
				HEADER_SEARCH_PATHS = (
					.,
					GLM,
				);
				INFOPLIST_FILE = "rumor/desky-Info.plist";
				LIBRARY_SEARCH_PATHS = (
					"$(inherited)",
					"/Users/chrisallen/Downloads/lua-5.2.3/src",
					"$(PROJECT_DIR)/rumor/lua",
					"$(PROJECT_DIR)/lua",
					/Users/chrisallen/projects/lib,
					"$(PROJECT_DIR)/other/src",
				);
				PRODUCT_NAME = desky;
				WRAPPER_EXTENSION = app;
			};
			name = Debug;
		};
		72AF1916838894370F069D8D /* Release */ = {
			isa = XCBuildConfiguration;
			buildSettings = {
				ALWAYS_SEARCH_USER_PATHS = YES;
				ASSETCATALOG_COMPILER_APPICON_NAME = AppIcon;
				CLANG_ENABLE_OBJC_ARC = NO;
				COMBINE_HIDPI_IMAGES = YES;
				GCC_INPUT_FILETYPE = automatic;
				GCC_PRECOMPILE_PREFIX_HEADER = YES;
				GCC_PREFIX_HEADER = "rumor/desky-Prefix.pch";
				GCC_WARN_INHIBIT_ALL_WARNINGS = YES;
				HEADER_SEARCH_PATHS = (
					.,
					GLM,
				);
				INFOPLIST_FILE = "rumor/desky-Info.plist";
				LIBRARY_SEARCH_PATHS = (
					"$(inherited)",
					"/Users/chrisallen/Downloads/lua-5.2.3/src",
					"$(PROJECT_DIR)/rumor/lua",
					"$(PROJECT_DIR)/lua",
					/Users/chrisallen/projects/lib,
					"$(PROJECT_DIR)/other/src",
				);
				PRODUCT_NAME = desky;
				WRAPPER_EXTENSION = app;
			};
			name = Release;
		};
		72AF1C68760499A83D5328D6 /* Debug */ = {
			isa = XCBuildConfiguration;
			buildSettings = {
				ALWAYS_SEARCH_USER_PATHS = NO;
				CLANG_CXX_LANGUAGE_STANDARD = "gnu++0x";
				CLANG_CXX_LIBRARY = "libc++";
				CLANG_ENABLE_MODULES = YES;
				CLANG_ENABLE_OBJC_ARC = YES;
				CLANG_WARN_BOOL_CONVERSION = YES;
				CLANG_WARN_CONSTANT_CONVERSION = YES;
				CLANG_WARN_DIRECT_OBJC_ISA_USAGE = YES_ERROR;
				CLANG_WARN_EMPTY_BODY = YES;
				CLANG_WARN_ENUM_CONVERSION = YES;
				CLANG_WARN_INT_CONVERSION = YES;
				CLANG_WARN_OBJC_ROOT_CLASS = YES_ERROR;
				CLANG_WARN__DUPLICATE_METHOD_MATCH = YES;
				COPY_PHASE_STRIP = NO;
				GCC_C_LANGUAGE_STANDARD = gnu99;
				GCC_DYNAMIC_NO_PIC = NO;
				GCC_ENABLE_OBJC_EXCEPTIONS = YES;
				GCC_INPUT_FILETYPE = automatic;
				GCC_OPTIMIZATION_LEVEL = 0;
				GCC_PREPROCESSOR_DEFINITIONS = (
					"DEBUG=1",
					"$(inherited)",
				);
				GCC_SYMBOLS_PRIVATE_EXTERN = NO;
				GCC_WARN_64_TO_32_BIT_CONVERSION = YES;
				GCC_WARN_ABOUT_RETURN_TYPE = YES_ERROR;
				GCC_WARN_UNDECLARED_SELECTOR = YES;
				GCC_WARN_UNINITIALIZED_AUTOS = YES_AGGRESSIVE;
				GCC_WARN_UNUSED_FUNCTION = YES;
				GCC_WARN_UNUSED_VARIABLE = YES;
				HEADER_SEARCH_PATHS = (
					"$(inherited)",
					/Applications/Xcode.app/Contents/Developer/Toolchains/XcodeDefault.xctoolchain/usr/include,
					.GLM,
				);
				MACOSX_DEPLOYMENT_TARGET = 10.9;
				ONLY_ACTIVE_ARCH = YES;
				SDKROOT = macosx;
			};
			name = Debug;
		};
		72AF1E25CE272ACB42A023E0 /* Release */ = {
			isa = XCBuildConfiguration;
			buildSettings = {
				ALWAYS_SEARCH_USER_PATHS = NO;
				CLANG_CXX_LANGUAGE_STANDARD = "gnu++0x";
				CLANG_CXX_LIBRARY = "libc++";
				CLANG_ENABLE_MODULES = YES;
				CLANG_ENABLE_OBJC_ARC = YES;
				CLANG_WARN_BOOL_CONVERSION = YES;
				CLANG_WARN_CONSTANT_CONVERSION = YES;
				CLANG_WARN_DIRECT_OBJC_ISA_USAGE = YES_ERROR;
				CLANG_WARN_EMPTY_BODY = YES;
				CLANG_WARN_ENUM_CONVERSION = YES;
				CLANG_WARN_INT_CONVERSION = YES;
				CLANG_WARN_OBJC_ROOT_CLASS = YES_ERROR;
				CLANG_WARN__DUPLICATE_METHOD_MATCH = YES;
				COPY_PHASE_STRIP = YES;
				DEBUG_INFORMATION_FORMAT = "dwarf-with-dsym";
				ENABLE_NS_ASSERTIONS = NO;
				GCC_C_LANGUAGE_STANDARD = gnu99;
				GCC_ENABLE_OBJC_EXCEPTIONS = YES;
				GCC_INPUT_FILETYPE = automatic;
				GCC_WARN_64_TO_32_BIT_CONVERSION = YES;
				GCC_WARN_ABOUT_RETURN_TYPE = YES_ERROR;
				GCC_WARN_UNDECLARED_SELECTOR = YES;
				GCC_WARN_UNINITIALIZED_AUTOS = YES_AGGRESSIVE;
				GCC_WARN_UNUSED_FUNCTION = YES;
				GCC_WARN_UNUSED_VARIABLE = YES;
				HEADER_SEARCH_PATHS = (
					"$(inherited)",
					/Applications/Xcode.app/Contents/Developer/Toolchains/XcodeDefault.xctoolchain/usr/include,
					.GLM,
				);
				MACOSX_DEPLOYMENT_TARGET = 10.9;
				SDKROOT = macosx;
			};
			name = Release;
		};
/* End XCBuildConfiguration section */

/* Begin XCConfigurationList section */
		72AF127DD316831B938D1738 /* Build configuration list for PBXNativeTarget "desky" */ = {
			isa = XCConfigurationList;
			buildConfigurations = (
				72AF1916838894370F069D8D /* Release */,
				72AF1457015191393041A30D /* Debug */,
			);
			defaultConfigurationIsVisible = 0;
			defaultConfigurationName = Release;
		};
		72AF162AB783A6E18F0AAB05 /* Build configuration list for PBXProject "desky" */ = {
			isa = XCConfigurationList;
			buildConfigurations = (
				72AF1E25CE272ACB42A023E0 /* Release */,
				72AF1C68760499A83D5328D6 /* Debug */,
			);
			defaultConfigurationIsVisible = 0;
			defaultConfigurationName = Release;
		};
/* End XCConfigurationList section */
	};
	rootObject = 72AF1A00AE607CF508FB322E /* Project object */;
}
